
Microsoft Visual Studio Solution File, Format Version 12.00
# Visual Studio 15
VisualStudioVersion = 15.0.28010.2048
MinimumVisualStudioVersion = 10.0.40219.1
Project("{FAE04EC0-301F-11D3-BF4B-00C04F79EFBC}") = "Wasabi", "CHVP3\Wasabi.csproj", "{BCA38DF4-1EE2-4E3A-8406-3437280FDB79}"
EndProject
Global
	GlobalSection(SolutionConfigurationPlatforms) = preSolution
		Debug|Any CPU = Debug|Any CPU
		Release|Any CPU = Release|Any CPU
	EndGlobalSection
	GlobalSection(ProjectConfigurationPlatforms) = postSolution
		{BCA38DF4-1EE2-4E3A-8406-3437280FDB79}.Debug|Any CPU.ActiveCfg = Debug|Any CPU
		{BCA38DF4-1EE2-4E3A-8406-3437280FDB79}.Debug|Any CPU.Build.0 = Debug|Any CPU
		{BCA38DF4-1EE2-4E3A-8406-3437280FDB79}.Release|Any CPU.ActiveCfg = Release|Any CPU
		{BCA38DF4-1EE2-4E3A-8406-3437280FDB79}.Release|Any CPU.Build.0 = Release|Any CPU
	EndGlobalSection
	GlobalSection(SolutionProperties) = preSolution
		HideSolutionNode = FALSE
	EndGlobalSection
	GlobalSection(ExtensibilityGlobals) = postSolution
		SolutionGuid = {6A866514-5A73-42C2-A01F-170926F29ADA}
	EndGlobalSection
EndGlobal
